// !$*UTF8*$!
{
	archiveVersion = 1;
	classes = {
	};
	objectVersion = 46;
	objects = {

/* Begin PBXBuildFile section */
		59832ADE1E71366300F0F519 /* AppDelegate.swift in Sources */ = {isa = PBXBuildFile; fileRef = 59832ADD1E71366300F0F519 /* AppDelegate.swift */; };
		59832AE01E71366300F0F519 /* ViewController.swift in Sources */ = {isa = PBXBuildFile; fileRef = 59832ADF1E71366300F0F519 /* ViewController.swift */; };
		59832AE31E71366300F0F519 /* Main.storyboard in Resources */ = {isa = PBXBuildFile; fileRef = 59832AE11E71366300F0F519 /* Main.storyboard */; };
		59832AE51E71366300F0F519 /* Assets.xcassets in Resources */ = {isa = PBXBuildFile; fileRef = 59832AE41E71366300F0F519 /* Assets.xcassets */; };
		59832AE81E71366300F0F519 /* LaunchScreen.storyboard in Resources */ = {isa = PBXBuildFile; fileRef = 59832AE61E71366300F0F519 /* LaunchScreen.storyboard */; };
		59832AF31E71366300F0F519 /* tipsterTests.swift in Sources */ = {isa = PBXBuildFile; fileRef = 59832AF21E71366300F0F519 /* tipsterTests.swift */; };
		59832AFE1E71366300F0F519 /* tipsterUITests.swift in Sources */ = {isa = PBXBuildFile; fileRef = 59832AFD1E71366300F0F519 /* tipsterUITests.swift */; };
/* End PBXBuildFile section */

/* Begin PBXContainerItemProxy section */
		59832AEF1E71366300F0F519 /* PBXContainerItemProxy */ = {
			isa = PBXContainerItemProxy;
			containerPortal = 59832AD21E71366300F0F519 /* Project object */;
			proxyType = 1;
			remoteGlobalIDString = 59832AD91E71366300F0F519;
			remoteInfo = tipster;
		};
		59832AFA1E71366300F0F519 /* PBXContainerItemProxy */ = {
			isa = PBXContainerItemProxy;
			containerPortal = 59832AD21E71366300F0F519 /* Project object */;
			proxyType = 1;
			remoteGlobalIDString = 59832AD91E71366300F0F519;
			remoteInfo = tipster;
		};
/* End PBXContainerItemProxy section */

/* Begin PBXFileReference section */
		59832ADA1E71366300F0F519 /* tipster.app */ = {isa = PBXFileReference; explicitFileType = wrapper.application; includeInIndex = 0; path = tipster.app; sourceTree = BUILT_PRODUCTS_DIR; };
		59832ADD1E71366300F0F519 /* AppDelegate.swift */ = {isa = PBXFileReference; lastKnownFileType = sourcecode.swift; path = AppDelegate.swift; sourceTree = "<group>"; };
		59832ADF1E71366300F0F519 /* ViewController.swift */ = {isa = PBXFileReference; lastKnownFileType = sourcecode.swift; lineEnding = 0; path = ViewController.swift; sourceTree = "<group>"; tabWidth = 4; };
		59832AE21E71366300F0F519 /* Base */ = {isa = PBXFileReference; lastKnownFileType = file.storyboard; name = Base; path = Base.lproj/Main.storyboard; sourceTree = "<group>"; };
		59832AE41E71366300F0F519 /* Assets.xcassets */ = {isa = PBXFileReference; lastKnownFileType = folder.assetcatalog; path = Assets.xcassets; sourceTree = "<group>"; };
		59832AE71E71366300F0F519 /* Base */ = {isa = PBXFileReference; lastKnownFileType = file.storyboard; name = Base; path = Base.lproj/LaunchScreen.storyboard; sourceTree = "<group>"; };
		59832AE91E71366300F0F519 /* Info.plist */ = {isa = PBXFileReference; lastKnownFileType = text.plist.xml; path = Info.plist; sourceTree = "<group>"; };
		59832AEE1E71366300F0F519 /* tipsterTests.xctest */ = {isa = PBXFileReference; explicitFileType = wrapper.cfbundle; includeInIndex = 0; path = tipsterTests.xctest; sourceTree = BUILT_PRODUCTS_DIR; };
		59832AF21E71366300F0F519 /* tipsterTests.swift */ = {isa = PBXFileReference; lastKnownFileType = sourcecode.swift; path = tipsterTests.swift; sourceTree = "<group>"; };
		59832AF41E71366300F0F519 /* Info.plist */ = {isa = PBXFileReference; lastKnownFileType = text.plist.xml; path = Info.plist; sourceTree = "<group>"; };
		59832AF91E71366300F0F519 /* tipsterUITests.xctest */ = {isa = PBXFileReference; explicitFileType = wrapper.cfbundle; includeInIndex = 0; path = tipsterUITests.xctest; sourceTree = BUILT_PRODUCTS_DIR; };
		59832AFD1E71366300F0F519 /* tipsterUITests.swift */ = {isa = PBXFileReference; lastKnownFileType = sourcecode.swift; path = tipsterUITests.swift; sourceTree = "<group>"; };
		59832AFF1E71366300F0F519 /* Info.plist */ = {isa = PBXFileReference; lastKnownFileType = text.plist.xml; path = Info.plist; sourceTree = "<group>"; };
/* End PBXFileReference section */

/* Begin PBXFrameworksBuildPhase section */
		59832AD71E71366300F0F519 /* Frameworks */ = {
			isa = PBXFrameworksBuildPhase;
			buildActionMask = 2147483647;
			files = (
			);
			runOnlyForDeploymentPostprocessing = 0;
		};
		59832AEB1E71366300F0F519 /* Frameworks */ = {
			isa = PBXFrameworksBuildPhase;
			buildActionMask = 2147483647;
			files = (
			);
			runOnlyForDeploymentPostprocessing = 0;
		};
		59832AF61E71366300F0F519 /* Frameworks */ = {
			isa = PBXFrameworksBuildPhase;
			buildActionMask = 2147483647;
			files = (
			);
			runOnlyForDeploymentPostprocessing = 0;
		};
/* End PBXFrameworksBuildPhase section */

/* Begin PBXGroup section */
		59832AD11E71366300F0F519 = {
			isa = PBXGroup;
			children = (
				59832ADC1E71366300F0F519 /* tipster */,
				59832AF11E71366300F0F519 /* tipsterTests */,
				59832AFC1E71366300F0F519 /* tipsterUITests */,
				59832ADB1E71366300F0F519 /* Products */,
			);
			sourceTree = "<group>";
		};
		59832ADB1E71366300F0F519 /* Products */ = {
			isa = PBXGroup;
			children = (
				59832ADA1E71366300F0F519 /* tipster.app */,
				59832AEE1E71366300F0F519 /* tipsterTests.xctest */,
				59832AF91E71366300F0F519 /* tipsterUITests.xctest */,
			);
			name = Products;
			sourceTree = "<group>";
		};
		59832ADC1E71366300F0F519 /* tipster */ = {
			isa = PBXGroup;
			children = (
				59832ADD1E71366300F0F519 /* AppDelegate.swift */,
				59832ADF1E71366300F0F519 /* ViewController.swift */,
				59832AE11E71366300F0F519 /* Main.storyboard */,
				59832AE41E71366300F0F519 /* Assets.xcassets */,
				59832AE61E71366300F0F519 /* LaunchScreen.storyboard */,
				59832AE91E71366300F0F519 /* Info.plist */,
			);
			path = tipster;
			sourceTree = "<group>";
		};
		59832AF11E71366300F0F519 /* tipsterTests */ = {
			isa = PBXGroup;
			children = (
				59832AF21E71366300F0F519 /* tipsterTests.swift */,
				59832AF41E71366300F0F519 /* Info.plist */,
			);
			path = tipsterTests;
			sourceTree = "<group>";
		};
		59832AFC1E71366300F0F519 /* tipsterUITests */ = {
			isa = PBXGroup;
			children = (
				59832AFD1E71366300F0F519 /* tipsterUITests.swift */,
				59832AFF1E71366300F0F519 /* Info.plist */,
			);
			path = tipsterUITests;
			sourceTree = "<group>";
		};
/* End PBXGroup section */

/* Begin PBXNativeTarget section */
		59832AD91E71366300F0F519 /* tipster */ = {
			isa = PBXNativeTarget;
			buildConfigurationList = 59832B021E71366300F0F519 /* Build configuration list for PBXNativeTarget "tipster" */;
			buildPhases = (
				59832AD61E71366300F0F519 /* Sources */,
				59832AD71E71366300F0F519 /* Frameworks */,
				59832AD81E71366300F0F519 /* Resources */,
			);
			buildRules = (
			);
			dependencies = (
			);
			name = tipster;
			productName = tipster;
			productReference = 59832ADA1E71366300F0F519 /* tipster.app */;
			productType = "com.apple.product-type.application";
		};
		59832AED1E71366300F0F519 /* tipsterTests */ = {
			isa = PBXNativeTarget;
			buildConfigurationList = 59832B051E71366300F0F519 /* Build configuration list for PBXNativeTarget "tipsterTests" */;
			buildPhases = (
				59832AEA1E71366300F0F519 /* Sources */,
				59832AEB1E71366300F0F519 /* Frameworks */,
				59832AEC1E71366300F0F519 /* Resources */,
			);
			buildRules = (
			);
			dependencies = (
				59832AF01E71366300F0F519 /* PBXTargetDependency */,
			);
			name = tipsterTests;
			productName = tipsterTests;
			productReference = 59832AEE1E71366300F0F519 /* tipsterTests.xctest */;
			productType = "com.apple.product-type.bundle.unit-test";
		};
		59832AF81E71366300F0F519 /* tipsterUITests */ = {
			isa = PBXNativeTarget;
			buildConfigurationList = 59832B081E71366300F0F519 /* Build configuration list for PBXNativeTarget "tipsterUITests" */;
			buildPhases = (
				59832AF51E71366300F0F519 /* Sources */,
				59832AF61E71366300F0F519 /* Frameworks */,
				59832AF71E71366300F0F519 /* Resources */,
			);
			buildRules = (
			);
			dependencies = (
				59832AFB1E71366300F0F519 /* PBXTargetDependency */,
			);
			name = tipsterUITests;
			productName = tipsterUITests;
			productReference = 59832AF91E71366300F0F519 /* tipsterUITests.xctest */;
			productType = "com.apple.product-type.bundle.ui-testing";
		};
/* End PBXNativeTarget section */

/* Begin PBXProject section */
		59832AD21E71366300F0F519 /* Project object */ = {
			isa = PBXProject;
			attributes = {
				LastSwiftUpdateCheck = 0820;
				LastUpgradeCheck = 0820;
				ORGANIZATIONNAME = "dalia icedo";
				TargetAttributes = {
					59832AD91E71366300F0F519 = {
						CreatedOnToolsVersion = 8.2.1;
						ProvisioningStyle = Automatic;
					};
					59832AED1E71366300F0F519 = {
						CreatedOnToolsVersion = 8.2.1;
						ProvisioningStyle = Automatic;
						TestTargetID = 59832AD91E71366300F0F519;
					};
					59832AF81E71366300F0F519 = {
						CreatedOnToolsVersion = 8.2.1;
						ProvisioningStyle = Automatic;
						TestTargetID = 59832AD91E71366300F0F519;
					};
				};
			};
			buildConfigurationList = 59832AD51E71366300F0F519 /* Build configuration list for PBXProject "tipster" */;
			compatibilityVersion = "Xcode 3.2";
			developmentRegion = English;
			hasScannedForEncodings = 0;
			knownRegions = (
				en,
				Base,
			);
			mainGroup = 59832AD11E71366300F0F519;
			productRefGroup = 59832ADB1E71366300F0F519 /* Products */;
			projectDirPath = "";
			projectRoot = "";
			targets = (
				59832AD91E71366300F0F519 /* tipster */,
				59832AED1E71366300F0F519 /* tipsterTests */,
				59832AF81E71366300F0F519 /* tipsterUITests */,
			);
		};
/* End PBXProject section */

/* Begin PBXResourcesBuildPhase section */
		59832AD81E71366300F0F519 /* Resources */ = {
			isa = PBXResourcesBuildPhase;
			buildActionMask = 2147483647;
			files = (
				59832AE81E71366300F0F519 /* LaunchScreen.storyboard in Resources */,
				59832AE51E71366300F0F519 /* Assets.xcassets in Resources */,
				59832AE31E71366300F0F519 /* Main.storyboard in Resources */,
			);
			runOnlyForDeploymentPostprocessing = 0;
		};
		59832AEC1E71366300F0F519 /* Resources */ = {
			isa = PBXResourcesBuildPhase;
			buildActionMask = 2147483647;
			files = (
			);
			runOnlyForDeploymentPostprocessing = 0;
		};
		59832AF71E71366300F0F519 /* Resources */ = {
			isa = PBXResourcesBuildPhase;
			buildActionMask = 2147483647;
			files = (
			);
			runOnlyForDeploymentPostprocessing = 0;
		};
/* End PBXResourcesBuildPhase section */

/* Begin PBXSourcesBuildPhase section */
		59832AD61E71366300F0F519 /* Sources */ = {
			isa = PBXSourcesBuildPhase;
			buildActionMask = 2147483647;
			files = (
				59832AE01E71366300F0F519 /* ViewController.swift in Sources */,
				59832ADE1E71366300F0F519 /* AppDelegate.swift in Sources */,
			);
			runOnlyForDeploymentPostprocessing = 0;
		};
		59832AEA1E71366300F0F519 /* Sources */ = {
			isa = PBXSourcesBuildPhase;
			buildActionMask = 2147483647;
			files = (
				59832AF31E71366300F0F519 /* tipsterTests.swift in Sources */,
			);
			runOnlyForDeploymentPostprocessing = 0;
		};
		59832AF51E71366300F0F519 /* Sources */ = {
			isa = PBXSourcesBuildPhase;
			buildActionMask = 2147483647;
			files = (
				59832AFE1E71366300F0F519 /* tipsterUITests.swift in Sources */,
			);
			runOnlyForDeploymentPostprocessing = 0;
		};
/* End PBXSourcesBuildPhase section */

/* Begin PBXTargetDependency section */
		59832AF01E71366300F0F519 /* PBXTargetDependency */ = {
			isa = PBXTargetDependency;
			target = 59832AD91E71366300F0F519 /* tipster */;
			targetProxy = 59832AEF1E71366300F0F519 /* PBXContainerItemProxy */;
		};
		59832AFB1E71366300F0F519 /* PBXTargetDependency */ = {
			isa = PBXTargetDependency;
			target = 59832AD91E71366300F0F519 /* tipster */;
			targetProxy = 59832AFA1E71366300F0F519 /* PBXContainerItemProxy */;
		};
/* End PBXTargetDependency section */

/* Begin PBXVariantGroup section */
		59832AE11E71366300F0F519 /* Main.storyboard */ = {
			isa = PBXVariantGroup;
			children = (
				59832AE21E71366300F0F519 /* Base */,
			);
			name = Main.storyboard;
			sourceTree = "<group>";
		};
		59832AE61E71366300F0F519 /* LaunchScreen.storyboard */ = {
			isa = PBXVariantGroup;
			children = (
				59832AE71E71366300F0F519 /* Base */,
			);
			name = LaunchScreen.storyboard;
			sourceTree = "<group>";
		};
/* End PBXVariantGroup section */

/* Begin XCBuildConfiguration section */
		59832B001E71366300F0F519 /* Debug */ = {
			isa = XCBuildConfiguration;
			buildSettings = {
				ALWAYS_SEARCH_USER_PATHS = NO;
				CLANG_ANALYZER_NONNULL = YES;
				CLANG_CXX_LANGUAGE_STANDARD = "gnu++0x";
				CLANG_CXX_LIBRARY = "libc++";
				CLANG_ENABLE_MODULES = YES;
				CLANG_ENABLE_OBJC_ARC = YES;
				CLANG_WARN_BOOL_CONVERSION = YES;
				CLANG_WARN_CONSTANT_CONVERSION = YES;
				CLANG_WARN_DIRECT_OBJC_ISA_USAGE = YES_ERROR;
				CLANG_WARN_DOCUMENTATION_COMMENTS = YES;
				CLANG_WARN_EMPTY_BODY = YES;
				CLANG_WARN_ENUM_CONVERSION = YES;
				CLANG_WARN_INFINITE_RECURSION = YES;
				CLANG_WARN_INT_CONVERSION = YES;
				CLANG_WARN_OBJC_ROOT_CLASS = YES_ERROR;
				CLANG_WARN_SUSPICIOUS_MOVE = YES;
				CLANG_WARN_UNREACHABLE_CODE = YES;
				CLANG_WARN__DUPLICATE_METHOD_MATCH = YES;
				"CODE_SIGN_IDENTITY[sdk=iphoneos*]" = "iPhone Developer";
				COPY_PHASE_STRIP = NO;
				DEBUG_INFORMATION_FORMAT = dwarf;
				ENABLE_STRICT_OBJC_MSGSEND = YES;
				ENABLE_TESTABILITY = YES;
				GCC_C_LANGUAGE_STANDARD = gnu99;
				GCC_DYNAMIC_NO_PIC = NO;
				GCC_NO_COMMON_BLOCKS = YES;
				GCC_OPTIMIZATION_LEVEL = 0;
				GCC_PREPROCESSOR_DEFINITIONS = (
					"DEBUG=1",
					"$(inherited)",
				);
				GCC_WARN_64_TO_32_BIT_CONVERSION = YES;
				GCC_WARN_ABOUT_RETURN_TYPE = YES_ERROR;
				GCC_WARN_UNDECLARED_SELECTOR = YES;
				GCC_WARN_UNINITIALIZED_AUTOS = YES_AGGRESSIVE;
				GCC_WARN_UNUSED_FUNCTION = YES;
				GCC_WARN_UNUSED_VARIABLE = YES;
				IPHONEOS_DEPLOYMENT_TARGET = 10.2;
				MTL_ENABLE_DEBUG_INFO = YES;
				ONLY_ACTIVE_ARCH = YES;
				SDKROOT = iphoneos;
				SWIFT_ACTIVE_COMPILATION_CONDITIONS = DEBUG;
				SWIFT_OPTIMIZATION_LEVEL = "-Onone";
				TARGETED_DEVICE_FAMILY = "1,2";
			};
			name = Debug;
		};
		59832B011E71366300F0F519 /* Release */ = {
			isa = XCBuildConfiguration;
			buildSettings = {
				ALWAYS_SEARCH_USER_PATHS = NO;
				CLANG_ANALYZER_NONNULL = YES;
				CLANG_CXX_LANGUAGE_STANDARD = "gnu++0x";
				CLANG_CXX_LIBRARY = "libc++";
				CLANG_ENABLE_MODULES = YES;
				CLANG_ENABLE_OBJC_ARC = YES;
				CLANG_WARN_BOOL_CONVERSION = YES;
				CLANG_WARN_CONSTANT_CONVERSION = YES;
				CLANG_WARN_DIRECT_OBJC_ISA_USAGE = YES_ERROR;
				CLANG_WARN_DOCUMENTATION_COMMENTS = YES;
				CLANG_WARN_EMPTY_BODY = YES;
				CLANG_WARN_ENUM_CONVERSION = YES;
				CLANG_WARN_INFINITE_RECURSION = YES;
				CLANG_WARN_INT_CONVERSION = YES;
				CLANG_WARN_OBJC_ROOT_CLASS = YES_ERROR;
				CLANG_WARN_SUSPICIOUS_MOVE = YES;
				CLANG_WARN_UNREACHABLE_CODE = YES;
				CLANG_WARN__DUPLICATE_METHOD_MATCH = YES;
				"CODE_SIGN_IDENTITY[sdk=iphoneos*]" = "iPhone Developer";
				COPY_PHASE_STRIP = NO;
				DEBUG_INFORMATION_FORMAT = "dwarf-with-dsym";
				ENABLE_NS_ASSERTIONS = NO;
				ENABLE_STRICT_OBJC_MSGSEND = YES;
				GCC_C_LANGUAGE_STANDARD = gnu99;
				GCC_NO_COMMON_BLOCKS = YES;
				GCC_WARN_64_TO_32_BIT_CONVERSION = YES;
				GCC_WARN_ABOUT_RETURN_TYPE = YES_ERROR;
				GCC_WARN_UNDECLARED_SELECTOR = YES;
				GCC_WARN_UNINITIALIZED_AUTOS = YES_AGGRESSIVE;
				GCC_WARN_UNUSED_FUNCTION = YES;
				GCC_WARN_UNUSED_VARIABLE = YES;
				IPHONEOS_DEPLOYMENT_TARGET = 10.2;
				MTL_ENABLE_DEBUG_INFO = NO;
				SDKROOT = iphoneos;
				SWIFT_OPTIMIZATION_LEVEL = "-Owholemodule";
				TARGETED_DEVICE_FAMILY = "1,2";
				VALIDATE_PRODUCT = YES;
			};
			name = Release;
		};
		59832B031E71366300F0F519 /* Debug */ = {
			isa = XCBuildConfiguration;
			buildSettings = {
				ASSETCATALOG_COMPILER_APPICON_NAME = AppIcon;
				INFOPLIST_FILE = tipster/Info.plist;
				LD_RUNPATH_SEARCH_PATHS = "$(inherited) @executable_path/Frameworks";
				PRODUCT_BUNDLE_IDENTIFIER = diaxdo.tipster;
				PRODUCT_NAME = "$(TARGET_NAME)";
				SWIFT_VERSION = 3.0;
			};
			name = Debug;
		};
		59832B041E71366300F0F519 /* Release */ = {
			isa = XCBuildConfiguration;
			buildSettings = {
				ASSETCATALOG_COMPILER_APPICON_NAME = AppIcon;
				INFOPLIST_FILE = tipster/Info.plist;
				LD_RUNPATH_SEARCH_PATHS = "$(inherited) @executable_path/Frameworks";
				PRODUCT_BUNDLE_IDENTIFIER = diaxdo.tipster;
				PRODUCT_NAME = "$(TARGET_NAME)";
				SWIFT_VERSION = 3.0;
			};
			name = Release;
		};
		59832B061E71366300F0F519 /* Debug */ = {
			isa = XCBuildConfiguration;
			buildSettings = {
				ALWAYS_EMBED_SWIFT_STANDARD_LIBRARIES = YES;
				BUNDLE_LOADER = "$(TEST_HOST)";
				INFOPLIST_FILE = tipsterTests/Info.plist;
				LD_RUNPATH_SEARCH_PATHS = "$(inherited) @executable_path/Frameworks @loader_path/Frameworks";
				PRODUCT_BUNDLE_IDENTIFIER = diaxdo.tipsterTests;
				PRODUCT_NAME = "$(TARGET_NAME)";
				SWIFT_VERSION = 3.0;
				TEST_HOST = "$(BUILT_PRODUCTS_DIR)/tipster.app/tipster";
			};
			name = Debug;
		};
		59832B071E71366300F0F519 /* Release */ = {
			isa = XCBuildConfiguration;
			buildSettings = {
				ALWAYS_EMBED_SWIFT_STANDARD_LIBRARIES = YES;
				BUNDLE_LOADER = "$(TEST_HOST)";
				INFOPLIST_FILE = tipsterTests/Info.plist;
				LD_RUNPATH_SEARCH_PATHS = "$(inherited) @executable_path/Frameworks @loader_path/Frameworks";
				PRODUCT_BUNDLE_IDENTIFIER = diaxdo.tipsterTests;
				PRODUCT_NAME = "$(TARGET_NAME)";
				SWIFT_VERSION = 3.0;
				TEST_HOST = "$(BUILT_PRODUCTS_DIR)/tipster.app/tipster";
			};
			name = Release;
		};
		59832B091E71366300F0F519 /* Debug */ = {
			isa = XCBuildConfiguration;
			buildSettings = {
				ALWAYS_EMBED_SWIFT_STANDARD_LIBRARIES = YES;
				INFOPLIST_FILE = tipsterUITests/Info.plist;
				LD_RUNPATH_SEARCH_PATHS = "$(inherited) @executable_path/Frameworks @loader_path/Frameworks";
				PRODUCT_BUNDLE_IDENTIFIER = diaxdo.tipsterUITests;
				PRODUCT_NAME = "$(TARGET_NAME)";
				SWIFT_VERSION = 3.0;
				TEST_TARGET_NAME = tipster;
			};
			name = Debug;
		};
		59832B0A1E71366300F0F519 /* Release */ = {
			isa = XCBuildConfiguration;
			buildSettings = {
				ALWAYS_EMBED_SWIFT_STANDARD_LIBRARIES = YES;
				INFOPLIST_FILE = tipsterUITests/Info.plist;
				LD_RUNPATH_SEARCH_PATHS = "$(inherited) @executable_path/Frameworks @loader_path/Frameworks";
				PRODUCT_BUNDLE_IDENTIFIER = diaxdo.tipsterUITests;
				PRODUCT_NAME = "$(TARGET_NAME)";
				SWIFT_VERSION = 3.0;
				TEST_TARGET_NAME = tipster;
			};
			name = Release;
		};
/* End XCBuildConfiguration section */

/* Begin XCConfigurationList section */
		59832AD51E71366300F0F519 /* Build configuration list for PBXProject "tipster" */ = {
			isa = XCConfigurationList;
			buildConfigurations = (
				59832B001E71366300F0F519 /* Debug */,
				59832B011E71366300F0F519 /* Release */,
			);
			defaultConfigurationIsVisible = 0;
			defaultConfigurationName = Release;
		};
		59832B021E71366300F0F519 /* Build configuration list for PBXNativeTarget "tipster" */ = {
			isa = XCConfigurationList;
			buildConfigurations = (
				59832B031E71366300F0F519 /* Debug */,
				59832B041E71366300F0F519 /* Release */,
			);
			defaultConfigurationIsVisible = 0;
		};
		59832B051E71366300F0F519 /* Build configuration list for PBXNativeTarget "tipsterTests" */ = {
			isa = XCConfigurationList;
			buildConfigurations = (
				59832B061E71366300F0F519 /* Debug */,
				59832B071E71366300F0F519 /* Release */,
			);
			defaultConfigurationIsVisible = 0;
		};
		59832B081E71366300F0F519 /* Build configuration list for PBXNativeTarget "tipsterUITests" */ = {
			isa = XCConfigurationList;
			buildConfigurations = (
				59832B091E71366300F0F519 /* Debug */,
				59832B0A1E71366300F0F519 /* Release */,
			);
			defaultConfigurationIsVisible = 0;
		};
/* End XCConfigurationList section */
	};
	rootObject = 59832AD21E71366300F0F519 /* Project object */;
}
