// !$*UTF8*$!
{
	archiveVersion = 1;
	classes = {
	};
	objectVersion = 46;
	objects = {

/* Begin PBXBuildFile section */
		59832A301E6FE3BF00F0F519 /* AppDelegate.swift in Sources */ = {isa = PBXBuildFile; fileRef = 59832A2F1E6FE3BF00F0F519 /* AppDelegate.swift */; };
		59832A321E6FE3BF00F0F519 /* ViewController.swift in Sources */ = {isa = PBXBuildFile; fileRef = 59832A311E6FE3BF00F0F519 /* ViewController.swift */; };
		59832A351E6FE3BF00F0F519 /* Main.storyboard in Resources */ = {isa = PBXBuildFile; fileRef = 59832A331E6FE3BF00F0F519 /* Main.storyboard */; };
		59832A371E6FE3BF00F0F519 /* Assets.xcassets in Resources */ = {isa = PBXBuildFile; fileRef = 59832A361E6FE3BF00F0F519 /* Assets.xcassets */; };
		59832A3A1E6FE3BF00F0F519 /* LaunchScreen.storyboard in Resources */ = {isa = PBXBuildFile; fileRef = 59832A381E6FE3BF00F0F519 /* LaunchScreen.storyboard */; };
		59832A451E6FE3C000F0F519 /* coldCallTests.swift in Sources */ = {isa = PBXBuildFile; fileRef = 59832A441E6FE3C000F0F519 /* coldCallTests.swift */; };
		59832A501E6FE3C000F0F519 /* coldCallUITests.swift in Sources */ = {isa = PBXBuildFile; fileRef = 59832A4F1E6FE3C000F0F519 /* coldCallUITests.swift */; };
/* End PBXBuildFile section */

/* Begin PBXContainerItemProxy section */
		59832A411E6FE3C000F0F519 /* PBXContainerItemProxy */ = {
			isa = PBXContainerItemProxy;
			containerPortal = 59832A241E6FE3BF00F0F519 /* Project object */;
			proxyType = 1;
			remoteGlobalIDString = 59832A2B1E6FE3BF00F0F519;
			remoteInfo = coldCall;
		};
		59832A4C1E6FE3C000F0F519 /* PBXContainerItemProxy */ = {
			isa = PBXContainerItemProxy;
			containerPortal = 59832A241E6FE3BF00F0F519 /* Project object */;
			proxyType = 1;
			remoteGlobalIDString = 59832A2B1E6FE3BF00F0F519;
			remoteInfo = coldCall;
		};
/* End PBXContainerItemProxy section */

/* Begin PBXFileReference section */
		59832A2C1E6FE3BF00F0F519 /* coldCall.app */ = {isa = PBXFileReference; explicitFileType = wrapper.application; includeInIndex = 0; path = coldCall.app; sourceTree = BUILT_PRODUCTS_DIR; };
		59832A2F1E6FE3BF00F0F519 /* AppDelegate.swift */ = {isa = PBXFileReference; lastKnownFileType = sourcecode.swift; path = AppDelegate.swift; sourceTree = "<group>"; };
		59832A311E6FE3BF00F0F519 /* ViewController.swift */ = {isa = PBXFileReference; lastKnownFileType = sourcecode.swift; path = ViewController.swift; sourceTree = "<group>"; };
		59832A341E6FE3BF00F0F519 /* Base */ = {isa = PBXFileReference; lastKnownFileType = file.storyboard; name = Base; path = Base.lproj/Main.storyboard; sourceTree = "<group>"; };
		59832A361E6FE3BF00F0F519 /* Assets.xcassets */ = {isa = PBXFileReference; lastKnownFileType = folder.assetcatalog; path = Assets.xcassets; sourceTree = "<group>"; };
		59832A391E6FE3BF00F0F519 /* Base */ = {isa = PBXFileReference; lastKnownFileType = file.storyboard; name = Base; path = Base.lproj/LaunchScreen.storyboard; sourceTree = "<group>"; };
		59832A3B1E6FE3BF00F0F519 /* Info.plist */ = {isa = PBXFileReference; lastKnownFileType = text.plist.xml; path = Info.plist; sourceTree = "<group>"; };
		59832A401E6FE3C000F0F519 /* coldCallTests.xctest */ = {isa = PBXFileReference; explicitFileType = wrapper.cfbundle; includeInIndex = 0; path = coldCallTests.xctest; sourceTree = BUILT_PRODUCTS_DIR; };
		59832A441E6FE3C000F0F519 /* coldCallTests.swift */ = {isa = PBXFileReference; lastKnownFileType = sourcecode.swift; path = coldCallTests.swift; sourceTree = "<group>"; };
		59832A461E6FE3C000F0F519 /* Info.plist */ = {isa = PBXFileReference; lastKnownFileType = text.plist.xml; path = Info.plist; sourceTree = "<group>"; };
		59832A4B1E6FE3C000F0F519 /* coldCallUITests.xctest */ = {isa = PBXFileReference; explicitFileType = wrapper.cfbundle; includeInIndex = 0; path = coldCallUITests.xctest; sourceTree = BUILT_PRODUCTS_DIR; };
		59832A4F1E6FE3C000F0F519 /* coldCallUITests.swift */ = {isa = PBXFileReference; lastKnownFileType = sourcecode.swift; path = coldCallUITests.swift; sourceTree = "<group>"; };
		59832A511E6FE3C000F0F519 /* Info.plist */ = {isa = PBXFileReference; lastKnownFileType = text.plist.xml; path = Info.plist; sourceTree = "<group>"; };
/* End PBXFileReference section */

/* Begin PBXFrameworksBuildPhase section */
		59832A291E6FE3BF00F0F519 /* Frameworks */ = {
			isa = PBXFrameworksBuildPhase;
			buildActionMask = 2147483647;
			files = (
			);
			runOnlyForDeploymentPostprocessing = 0;
		};
		59832A3D1E6FE3C000F0F519 /* Frameworks */ = {
			isa = PBXFrameworksBuildPhase;
			buildActionMask = 2147483647;
			files = (
			);
			runOnlyForDeploymentPostprocessing = 0;
		};
		59832A481E6FE3C000F0F519 /* Frameworks */ = {
			isa = PBXFrameworksBuildPhase;
			buildActionMask = 2147483647;
			files = (
			);
			runOnlyForDeploymentPostprocessing = 0;
		};
/* End PBXFrameworksBuildPhase section */

/* Begin PBXGroup section */
		59832A231E6FE3BF00F0F519 = {
			isa = PBXGroup;
			children = (
				59832A2E1E6FE3BF00F0F519 /* coldCall */,
				59832A431E6FE3C000F0F519 /* coldCallTests */,
				59832A4E1E6FE3C000F0F519 /* coldCallUITests */,
				59832A2D1E6FE3BF00F0F519 /* Products */,
			);
			sourceTree = "<group>";
		};
		59832A2D1E6FE3BF00F0F519 /* Products */ = {
			isa = PBXGroup;
			children = (
				59832A2C1E6FE3BF00F0F519 /* coldCall.app */,
				59832A401E6FE3C000F0F519 /* coldCallTests.xctest */,
				59832A4B1E6FE3C000F0F519 /* coldCallUITests.xctest */,
			);
			name = Products;
			sourceTree = "<group>";
		};
		59832A2E1E6FE3BF00F0F519 /* coldCall */ = {
			isa = PBXGroup;
			children = (
				59832A2F1E6FE3BF00F0F519 /* AppDelegate.swift */,
				59832A311E6FE3BF00F0F519 /* ViewController.swift */,
				59832A331E6FE3BF00F0F519 /* Main.storyboard */,
				59832A361E6FE3BF00F0F519 /* Assets.xcassets */,
				59832A381E6FE3BF00F0F519 /* LaunchScreen.storyboard */,
				59832A3B1E6FE3BF00F0F519 /* Info.plist */,
			);
			path = coldCall;
			sourceTree = "<group>";
		};
		59832A431E6FE3C000F0F519 /* coldCallTests */ = {
			isa = PBXGroup;
			children = (
				59832A441E6FE3C000F0F519 /* coldCallTests.swift */,
				59832A461E6FE3C000F0F519 /* Info.plist */,
			);
			path = coldCallTests;
			sourceTree = "<group>";
		};
		59832A4E1E6FE3C000F0F519 /* coldCallUITests */ = {
			isa = PBXGroup;
			children = (
				59832A4F1E6FE3C000F0F519 /* coldCallUITests.swift */,
				59832A511E6FE3C000F0F519 /* Info.plist */,
			);
			path = coldCallUITests;
			sourceTree = "<group>";
		};
/* End PBXGroup section */

/* Begin PBXNativeTarget section */
		59832A2B1E6FE3BF00F0F519 /* coldCall */ = {
			isa = PBXNativeTarget;
			buildConfigurationList = 59832A541E6FE3C000F0F519 /* Build configuration list for PBXNativeTarget "coldCall" */;
			buildPhases = (
				59832A281E6FE3BF00F0F519 /* Sources */,
				59832A291E6FE3BF00F0F519 /* Frameworks */,
				59832A2A1E6FE3BF00F0F519 /* Resources */,
			);
			buildRules = (
			);
			dependencies = (
			);
			name = coldCall;
			productName = coldCall;
			productReference = 59832A2C1E6FE3BF00F0F519 /* coldCall.app */;
			productType = "com.apple.product-type.application";
		};
		59832A3F1E6FE3C000F0F519 /* coldCallTests */ = {
			isa = PBXNativeTarget;
			buildConfigurationList = 59832A571E6FE3C000F0F519 /* Build configuration list for PBXNativeTarget "coldCallTests" */;
			buildPhases = (
				59832A3C1E6FE3C000F0F519 /* Sources */,
				59832A3D1E6FE3C000F0F519 /* Frameworks */,
				59832A3E1E6FE3C000F0F519 /* Resources */,
			);
			buildRules = (
			);
			dependencies = (
				59832A421E6FE3C000F0F519 /* PBXTargetDependency */,
			);
			name = coldCallTests;
			productName = coldCallTests;
			productReference = 59832A401E6FE3C000F0F519 /* coldCallTests.xctest */;
			productType = "com.apple.product-type.bundle.unit-test";
		};
		59832A4A1E6FE3C000F0F519 /* coldCallUITests */ = {
			isa = PBXNativeTarget;
			buildConfigurationList = 59832A5A1E6FE3C000F0F519 /* Build configuration list for PBXNativeTarget "coldCallUITests" */;
			buildPhases = (
				59832A471E6FE3C000F0F519 /* Sources */,
				59832A481E6FE3C000F0F519 /* Frameworks */,
				59832A491E6FE3C000F0F519 /* Resources */,
			);
			buildRules = (
			);
			dependencies = (
				59832A4D1E6FE3C000F0F519 /* PBXTargetDependency */,
			);
			name = coldCallUITests;
			productName = coldCallUITests;
			productReference = 59832A4B1E6FE3C000F0F519 /* coldCallUITests.xctest */;
			productType = "com.apple.product-type.bundle.ui-testing";
		};
/* End PBXNativeTarget section */

/* Begin PBXProject section */
		59832A241E6FE3BF00F0F519 /* Project object */ = {
			isa = PBXProject;
			attributes = {
				LastSwiftUpdateCheck = 0820;
				LastUpgradeCheck = 0820;
				ORGANIZATIONNAME = "dalia icedo";
				TargetAttributes = {
					59832A2B1E6FE3BF00F0F519 = {
						CreatedOnToolsVersion = 8.2.1;
						ProvisioningStyle = Automatic;
					};
					59832A3F1E6FE3C000F0F519 = {
						CreatedOnToolsVersion = 8.2.1;
						ProvisioningStyle = Automatic;
						TestTargetID = 59832A2B1E6FE3BF00F0F519;
					};
					59832A4A1E6FE3C000F0F519 = {
						CreatedOnToolsVersion = 8.2.1;
						ProvisioningStyle = Automatic;
						TestTargetID = 59832A2B1E6FE3BF00F0F519;
					};
				};
			};
			buildConfigurationList = 59832A271E6FE3BF00F0F519 /* Build configuration list for PBXProject "coldCall" */;
			compatibilityVersion = "Xcode 3.2";
			developmentRegion = English;
			hasScannedForEncodings = 0;
			knownRegions = (
				en,
				Base,
			);
			mainGroup = 59832A231E6FE3BF00F0F519;
			productRefGroup = 59832A2D1E6FE3BF00F0F519 /* Products */;
			projectDirPath = "";
			projectRoot = "";
			targets = (
				59832A2B1E6FE3BF00F0F519 /* coldCall */,
				59832A3F1E6FE3C000F0F519 /* coldCallTests */,
				59832A4A1E6FE3C000F0F519 /* coldCallUITests */,
			);
		};
/* End PBXProject section */

/* Begin PBXResourcesBuildPhase section */
		59832A2A1E6FE3BF00F0F519 /* Resources */ = {
			isa = PBXResourcesBuildPhase;
			buildActionMask = 2147483647;
			files = (
				59832A3A1E6FE3BF00F0F519 /* LaunchScreen.storyboard in Resources */,
				59832A371E6FE3BF00F0F519 /* Assets.xcassets in Resources */,
				59832A351E6FE3BF00F0F519 /* Main.storyboard in Resources */,
			);
			runOnlyForDeploymentPostprocessing = 0;
		};
		59832A3E1E6FE3C000F0F519 /* Resources */ = {
			isa = PBXResourcesBuildPhase;
			buildActionMask = 2147483647;
			files = (
			);
			runOnlyForDeploymentPostprocessing = 0;
		};
		59832A491E6FE3C000F0F519 /* Resources */ = {
			isa = PBXResourcesBuildPhase;
			buildActionMask = 2147483647;
			files = (
			);
			runOnlyForDeploymentPostprocessing = 0;
		};
/* End PBXResourcesBuildPhase section */

/* Begin PBXSourcesBuildPhase section */
		59832A281E6FE3BF00F0F519 /* Sources */ = {
			isa = PBXSourcesBuildPhase;
			buildActionMask = 2147483647;
			files = (
				59832A321E6FE3BF00F0F519 /* ViewController.swift in Sources */,
				59832A301E6FE3BF00F0F519 /* AppDelegate.swift in Sources */,
			);
			runOnlyForDeploymentPostprocessing = 0;
		};
		59832A3C1E6FE3C000F0F519 /* Sources */ = {
			isa = PBXSourcesBuildPhase;
			buildActionMask = 2147483647;
			files = (
				59832A451E6FE3C000F0F519 /* coldCallTests.swift in Sources */,
			);
			runOnlyForDeploymentPostprocessing = 0;
		};
		59832A471E6FE3C000F0F519 /* Sources */ = {
			isa = PBXSourcesBuildPhase;
			buildActionMask = 2147483647;
			files = (
				59832A501E6FE3C000F0F519 /* coldCallUITests.swift in Sources */,
			);
			runOnlyForDeploymentPostprocessing = 0;
		};
/* End PBXSourcesBuildPhase section */

/* Begin PBXTargetDependency section */
		59832A421E6FE3C000F0F519 /* PBXTargetDependency */ = {
			isa = PBXTargetDependency;
			target = 59832A2B1E6FE3BF00F0F519 /* coldCall */;
			targetProxy = 59832A411E6FE3C000F0F519 /* PBXContainerItemProxy */;
		};
		59832A4D1E6FE3C000F0F519 /* PBXTargetDependency */ = {
			isa = PBXTargetDependency;
			target = 59832A2B1E6FE3BF00F0F519 /* coldCall */;
			targetProxy = 59832A4C1E6FE3C000F0F519 /* PBXContainerItemProxy */;
		};
/* End PBXTargetDependency section */

/* Begin PBXVariantGroup section */
		59832A331E6FE3BF00F0F519 /* Main.storyboard */ = {
			isa = PBXVariantGroup;
			children = (
				59832A341E6FE3BF00F0F519 /* Base */,
			);
			name = Main.storyboard;
			sourceTree = "<group>";
		};
		59832A381E6FE3BF00F0F519 /* LaunchScreen.storyboard */ = {
			isa = PBXVariantGroup;
			children = (
				59832A391E6FE3BF00F0F519 /* Base */,
			);
			name = LaunchScreen.storyboard;
			sourceTree = "<group>";
		};
/* End PBXVariantGroup section */

/* Begin XCBuildConfiguration section */
		59832A521E6FE3C000F0F519 /* Debug */ = {
			isa = XCBuildConfiguration;
			buildSettings = {
				ALWAYS_SEARCH_USER_PATHS = NO;
				CLANG_ANALYZER_NONNULL = YES;
				CLANG_CXX_LANGUAGE_STANDARD = "gnu++0x";
				CLANG_CXX_LIBRARY = "libc++";
				CLANG_ENABLE_MODULES = YES;
				CLANG_ENABLE_OBJC_ARC = YES;
				CLANG_WARN_BOOL_CONVERSION = YES;
				CLANG_WARN_CONSTANT_CONVERSION = YES;
				CLANG_WARN_DIRECT_OBJC_ISA_USAGE = YES_ERROR;
				CLANG_WARN_DOCUMENTATION_COMMENTS = YES;
				CLANG_WARN_EMPTY_BODY = YES;
				CLANG_WARN_ENUM_CONVERSION = YES;
				CLANG_WARN_INFINITE_RECURSION = YES;
				CLANG_WARN_INT_CONVERSION = YES;
				CLANG_WARN_OBJC_ROOT_CLASS = YES_ERROR;
				CLANG_WARN_SUSPICIOUS_MOVE = YES;
				CLANG_WARN_UNREACHABLE_CODE = YES;
				CLANG_WARN__DUPLICATE_METHOD_MATCH = YES;
				"CODE_SIGN_IDENTITY[sdk=iphoneos*]" = "iPhone Developer";
				COPY_PHASE_STRIP = NO;
				DEBUG_INFORMATION_FORMAT = dwarf;
				ENABLE_STRICT_OBJC_MSGSEND = YES;
				ENABLE_TESTABILITY = YES;
				GCC_C_LANGUAGE_STANDARD = gnu99;
				GCC_DYNAMIC_NO_PIC = NO;
				GCC_NO_COMMON_BLOCKS = YES;
				GCC_OPTIMIZATION_LEVEL = 0;
				GCC_PREPROCESSOR_DEFINITIONS = (
					"DEBUG=1",
					"$(inherited)",
				);
				GCC_WARN_64_TO_32_BIT_CONVERSION = YES;
				GCC_WARN_ABOUT_RETURN_TYPE = YES_ERROR;
				GCC_WARN_UNDECLARED_SELECTOR = YES;
				GCC_WARN_UNINITIALIZED_AUTOS = YES_AGGRESSIVE;
				GCC_WARN_UNUSED_FUNCTION = YES;
				GCC_WARN_UNUSED_VARIABLE = YES;
				IPHONEOS_DEPLOYMENT_TARGET = 10.2;
				MTL_ENABLE_DEBUG_INFO = YES;
				ONLY_ACTIVE_ARCH = YES;
				SDKROOT = iphoneos;
				SWIFT_ACTIVE_COMPILATION_CONDITIONS = DEBUG;
				SWIFT_OPTIMIZATION_LEVEL = "-Onone";
				TARGETED_DEVICE_FAMILY = "1,2";
			};
			name = Debug;
		};
		59832A531E6FE3C000F0F519 /* Release */ = {
			isa = XCBuildConfiguration;
			buildSettings = {
				ALWAYS_SEARCH_USER_PATHS = NO;
				CLANG_ANALYZER_NONNULL = YES;
				CLANG_CXX_LANGUAGE_STANDARD = "gnu++0x";
				CLANG_CXX_LIBRARY = "libc++";
				CLANG_ENABLE_MODULES = YES;
				CLANG_ENABLE_OBJC_ARC = YES;
				CLANG_WARN_BOOL_CONVERSION = YES;
				CLANG_WARN_CONSTANT_CONVERSION = YES;
				CLANG_WARN_DIRECT_OBJC_ISA_USAGE = YES_ERROR;
				CLANG_WARN_DOCUMENTATION_COMMENTS = YES;
				CLANG_WARN_EMPTY_BODY = YES;
				CLANG_WARN_ENUM_CONVERSION = YES;
				CLANG_WARN_INFINITE_RECURSION = YES;
				CLANG_WARN_INT_CONVERSION = YES;
				CLANG_WARN_OBJC_ROOT_CLASS = YES_ERROR;
				CLANG_WARN_SUSPICIOUS_MOVE = YES;
				CLANG_WARN_UNREACHABLE_CODE = YES;
				CLANG_WARN__DUPLICATE_METHOD_MATCH = YES;
				"CODE_SIGN_IDENTITY[sdk=iphoneos*]" = "iPhone Developer";
				COPY_PHASE_STRIP = NO;
				DEBUG_INFORMATION_FORMAT = "dwarf-with-dsym";
				ENABLE_NS_ASSERTIONS = NO;
				ENABLE_STRICT_OBJC_MSGSEND = YES;
				GCC_C_LANGUAGE_STANDARD = gnu99;
				GCC_NO_COMMON_BLOCKS = YES;
				GCC_WARN_64_TO_32_BIT_CONVERSION = YES;
				GCC_WARN_ABOUT_RETURN_TYPE = YES_ERROR;
				GCC_WARN_UNDECLARED_SELECTOR = YES;
				GCC_WARN_UNINITIALIZED_AUTOS = YES_AGGRESSIVE;
				GCC_WARN_UNUSED_FUNCTION = YES;
				GCC_WARN_UNUSED_VARIABLE = YES;
				IPHONEOS_DEPLOYMENT_TARGET = 10.2;
				MTL_ENABLE_DEBUG_INFO = NO;
				SDKROOT = iphoneos;
				SWIFT_OPTIMIZATION_LEVEL = "-Owholemodule";
				TARGETED_DEVICE_FAMILY = "1,2";
				VALIDATE_PRODUCT = YES;
			};
			name = Release;
		};
		59832A551E6FE3C000F0F519 /* Debug */ = {
			isa = XCBuildConfiguration;
			buildSettings = {
				ASSETCATALOG_COMPILER_APPICON_NAME = AppIcon;
				INFOPLIST_FILE = coldCall/Info.plist;
				LD_RUNPATH_SEARCH_PATHS = "$(inherited) @executable_path/Frameworks";
				PRODUCT_BUNDLE_IDENTIFIER = diaxdo.coldCall;
				PRODUCT_NAME = "$(TARGET_NAME)";
				SWIFT_VERSION = 3.0;
			};
			name = Debug;
		};
		59832A561E6FE3C000F0F519 /* Release */ = {
			isa = XCBuildConfiguration;
			buildSettings = {
				ASSETCATALOG_COMPILER_APPICON_NAME = AppIcon;
				INFOPLIST_FILE = coldCall/Info.plist;
				LD_RUNPATH_SEARCH_PATHS = "$(inherited) @executable_path/Frameworks";
				PRODUCT_BUNDLE_IDENTIFIER = diaxdo.coldCall;
				PRODUCT_NAME = "$(TARGET_NAME)";
				SWIFT_VERSION = 3.0;
			};
			name = Release;
		};
		59832A581E6FE3C000F0F519 /* Debug */ = {
			isa = XCBuildConfiguration;
			buildSettings = {
				ALWAYS_EMBED_SWIFT_STANDARD_LIBRARIES = YES;
				BUNDLE_LOADER = "$(TEST_HOST)";
				INFOPLIST_FILE = coldCallTests/Info.plist;
				LD_RUNPATH_SEARCH_PATHS = "$(inherited) @executable_path/Frameworks @loader_path/Frameworks";
				PRODUCT_BUNDLE_IDENTIFIER = diaxdo.coldCallTests;
				PRODUCT_NAME = "$(TARGET_NAME)";
				SWIFT_VERSION = 3.0;
				TEST_HOST = "$(BUILT_PRODUCTS_DIR)/coldCall.app/coldCall";
			};
			name = Debug;
		};
		59832A591E6FE3C000F0F519 /* Release */ = {
			isa = XCBuildConfiguration;
			buildSettings = {
				ALWAYS_EMBED_SWIFT_STANDARD_LIBRARIES = YES;
				BUNDLE_LOADER = "$(TEST_HOST)";
				INFOPLIST_FILE = coldCallTests/Info.plist;
				LD_RUNPATH_SEARCH_PATHS = "$(inherited) @executable_path/Frameworks @loader_path/Frameworks";
				PRODUCT_BUNDLE_IDENTIFIER = diaxdo.coldCallTests;
				PRODUCT_NAME = "$(TARGET_NAME)";
				SWIFT_VERSION = 3.0;
				TEST_HOST = "$(BUILT_PRODUCTS_DIR)/coldCall.app/coldCall";
			};
			name = Release;
		};
		59832A5B1E6FE3C000F0F519 /* Debug */ = {
			isa = XCBuildConfiguration;
			buildSettings = {
				ALWAYS_EMBED_SWIFT_STANDARD_LIBRARIES = YES;
				INFOPLIST_FILE = coldCallUITests/Info.plist;
				LD_RUNPATH_SEARCH_PATHS = "$(inherited) @executable_path/Frameworks @loader_path/Frameworks";
				PRODUCT_BUNDLE_IDENTIFIER = diaxdo.coldCallUITests;
				PRODUCT_NAME = "$(TARGET_NAME)";
				SWIFT_VERSION = 3.0;
				TEST_TARGET_NAME = coldCall;
			};
			name = Debug;
		};
		59832A5C1E6FE3C000F0F519 /* Release */ = {
			isa = XCBuildConfiguration;
			buildSettings = {
				ALWAYS_EMBED_SWIFT_STANDARD_LIBRARIES = YES;
				INFOPLIST_FILE = coldCallUITests/Info.plist;
				LD_RUNPATH_SEARCH_PATHS = "$(inherited) @executable_path/Frameworks @loader_path/Frameworks";
				PRODUCT_BUNDLE_IDENTIFIER = diaxdo.coldCallUITests;
				PRODUCT_NAME = "$(TARGET_NAME)";
				SWIFT_VERSION = 3.0;
				TEST_TARGET_NAME = coldCall;
			};
			name = Release;
		};
/* End XCBuildConfiguration section */

/* Begin XCConfigurationList section */
		59832A271E6FE3BF00F0F519 /* Build configuration list for PBXProject "coldCall" */ = {
			isa = XCConfigurationList;
			buildConfigurations = (
				59832A521E6FE3C000F0F519 /* Debug */,
				59832A531E6FE3C000F0F519 /* Release */,
			);
			defaultConfigurationIsVisible = 0;
			defaultConfigurationName = Release;
		};
		59832A541E6FE3C000F0F519 /* Build configuration list for PBXNativeTarget "coldCall" */ = {
			isa = XCConfigurationList;
			buildConfigurations = (
				59832A551E6FE3C000F0F519 /* Debug */,
				59832A561E6FE3C000F0F519 /* Release */,
			);
			defaultConfigurationIsVisible = 0;
		};
		59832A571E6FE3C000F0F519 /* Build configuration list for PBXNativeTarget "coldCallTests" */ = {
			isa = XCConfigurationList;
			buildConfigurations = (
				59832A581E6FE3C000F0F519 /* Debug */,
				59832A591E6FE3C000F0F519 /* Release */,
			);
			defaultConfigurationIsVisible = 0;
		};
		59832A5A1E6FE3C000F0F519 /* Build configuration list for PBXNativeTarget "coldCallUITests" */ = {
			isa = XCConfigurationList;
			buildConfigurations = (
				59832A5B1E6FE3C000F0F519 /* Debug */,
				59832A5C1E6FE3C000F0F519 /* Release */,
			);
			defaultConfigurationIsVisible = 0;
		};
/* End XCConfigurationList section */
	};
	rootObject = 59832A241E6FE3BF00F0F519 /* Project object */;
}
