// !$*UTF8*$!
{
	archiveVersion = 1;
	classes = {
	};
	objectVersion = 46;
	objects = {

/* Begin PBXBuildFile section */
		59832A6A1E6FF46600F0F519 /* AppDelegate.swift in Sources */ = {isa = PBXBuildFile; fileRef = 59832A691E6FF46600F0F519 /* AppDelegate.swift */; };
		59832A6C1E6FF46600F0F519 /* ViewController.swift in Sources */ = {isa = PBXBuildFile; fileRef = 59832A6B1E6FF46600F0F519 /* ViewController.swift */; };
		59832A6F1E6FF46600F0F519 /* Main.storyboard in Resources */ = {isa = PBXBuildFile; fileRef = 59832A6D1E6FF46600F0F519 /* Main.storyboard */; };
		59832A711E6FF46600F0F519 /* Assets.xcassets in Resources */ = {isa = PBXBuildFile; fileRef = 59832A701E6FF46600F0F519 /* Assets.xcassets */; };
		59832A741E6FF46600F0F519 /* LaunchScreen.storyboard in Resources */ = {isa = PBXBuildFile; fileRef = 59832A721E6FF46600F0F519 /* LaunchScreen.storyboard */; };
		59832A7F1E6FF46600F0F519 /* ninjaGoldTests.swift in Sources */ = {isa = PBXBuildFile; fileRef = 59832A7E1E6FF46600F0F519 /* ninjaGoldTests.swift */; };
		59832A8A1E6FF46600F0F519 /* ninjaGoldUITests.swift in Sources */ = {isa = PBXBuildFile; fileRef = 59832A891E6FF46600F0F519 /* ninjaGoldUITests.swift */; };
/* End PBXBuildFile section */

/* Begin PBXContainerItemProxy section */
		59832A7B1E6FF46600F0F519 /* PBXContainerItemProxy */ = {
			isa = PBXContainerItemProxy;
			containerPortal = 59832A5E1E6FF46600F0F519 /* Project object */;
			proxyType = 1;
			remoteGlobalIDString = 59832A651E6FF46600F0F519;
			remoteInfo = ninjaGold;
		};
		59832A861E6FF46600F0F519 /* PBXContainerItemProxy */ = {
			isa = PBXContainerItemProxy;
			containerPortal = 59832A5E1E6FF46600F0F519 /* Project object */;
			proxyType = 1;
			remoteGlobalIDString = 59832A651E6FF46600F0F519;
			remoteInfo = ninjaGold;
		};
/* End PBXContainerItemProxy section */

/* Begin PBXFileReference section */
		59832A661E6FF46600F0F519 /* ninjaGold.app */ = {isa = PBXFileReference; explicitFileType = wrapper.application; includeInIndex = 0; path = ninjaGold.app; sourceTree = BUILT_PRODUCTS_DIR; };
		59832A691E6FF46600F0F519 /* AppDelegate.swift */ = {isa = PBXFileReference; lastKnownFileType = sourcecode.swift; path = AppDelegate.swift; sourceTree = "<group>"; };
		59832A6B1E6FF46600F0F519 /* ViewController.swift */ = {isa = PBXFileReference; lastKnownFileType = sourcecode.swift; path = ViewController.swift; sourceTree = "<group>"; };
		59832A6E1E6FF46600F0F519 /* Base */ = {isa = PBXFileReference; lastKnownFileType = file.storyboard; name = Base; path = Base.lproj/Main.storyboard; sourceTree = "<group>"; };
		59832A701E6FF46600F0F519 /* Assets.xcassets */ = {isa = PBXFileReference; lastKnownFileType = folder.assetcatalog; path = Assets.xcassets; sourceTree = "<group>"; };
		59832A731E6FF46600F0F519 /* Base */ = {isa = PBXFileReference; lastKnownFileType = file.storyboard; name = Base; path = Base.lproj/LaunchScreen.storyboard; sourceTree = "<group>"; };
		59832A751E6FF46600F0F519 /* Info.plist */ = {isa = PBXFileReference; lastKnownFileType = text.plist.xml; path = Info.plist; sourceTree = "<group>"; };
		59832A7A1E6FF46600F0F519 /* ninjaGoldTests.xctest */ = {isa = PBXFileReference; explicitFileType = wrapper.cfbundle; includeInIndex = 0; path = ninjaGoldTests.xctest; sourceTree = BUILT_PRODUCTS_DIR; };
		59832A7E1E6FF46600F0F519 /* ninjaGoldTests.swift */ = {isa = PBXFileReference; lastKnownFileType = sourcecode.swift; path = ninjaGoldTests.swift; sourceTree = "<group>"; };
		59832A801E6FF46600F0F519 /* Info.plist */ = {isa = PBXFileReference; lastKnownFileType = text.plist.xml; path = Info.plist; sourceTree = "<group>"; };
		59832A851E6FF46600F0F519 /* ninjaGoldUITests.xctest */ = {isa = PBXFileReference; explicitFileType = wrapper.cfbundle; includeInIndex = 0; path = ninjaGoldUITests.xctest; sourceTree = BUILT_PRODUCTS_DIR; };
		59832A891E6FF46600F0F519 /* ninjaGoldUITests.swift */ = {isa = PBXFileReference; lastKnownFileType = sourcecode.swift; path = ninjaGoldUITests.swift; sourceTree = "<group>"; };
		59832A8B1E6FF46600F0F519 /* Info.plist */ = {isa = PBXFileReference; lastKnownFileType = text.plist.xml; path = Info.plist; sourceTree = "<group>"; };
/* End PBXFileReference section */

/* Begin PBXFrameworksBuildPhase section */
		59832A631E6FF46600F0F519 /* Frameworks */ = {
			isa = PBXFrameworksBuildPhase;
			buildActionMask = 2147483647;
			files = (
			);
			runOnlyForDeploymentPostprocessing = 0;
		};
		59832A771E6FF46600F0F519 /* Frameworks */ = {
			isa = PBXFrameworksBuildPhase;
			buildActionMask = 2147483647;
			files = (
			);
			runOnlyForDeploymentPostprocessing = 0;
		};
		59832A821E6FF46600F0F519 /* Frameworks */ = {
			isa = PBXFrameworksBuildPhase;
			buildActionMask = 2147483647;
			files = (
			);
			runOnlyForDeploymentPostprocessing = 0;
		};
/* End PBXFrameworksBuildPhase section */

/* Begin PBXGroup section */
		59832A5D1E6FF46600F0F519 = {
			isa = PBXGroup;
			children = (
				59832A681E6FF46600F0F519 /* ninjaGold */,
				59832A7D1E6FF46600F0F519 /* ninjaGoldTests */,
				59832A881E6FF46600F0F519 /* ninjaGoldUITests */,
				59832A671E6FF46600F0F519 /* Products */,
			);
			sourceTree = "<group>";
		};
		59832A671E6FF46600F0F519 /* Products */ = {
			isa = PBXGroup;
			children = (
				59832A661E6FF46600F0F519 /* ninjaGold.app */,
				59832A7A1E6FF46600F0F519 /* ninjaGoldTests.xctest */,
				59832A851E6FF46600F0F519 /* ninjaGoldUITests.xctest */,
			);
			name = Products;
			sourceTree = "<group>";
		};
		59832A681E6FF46600F0F519 /* ninjaGold */ = {
			isa = PBXGroup;
			children = (
				59832A691E6FF46600F0F519 /* AppDelegate.swift */,
				59832A6B1E6FF46600F0F519 /* ViewController.swift */,
				59832A6D1E6FF46600F0F519 /* Main.storyboard */,
				59832A701E6FF46600F0F519 /* Assets.xcassets */,
				59832A721E6FF46600F0F519 /* LaunchScreen.storyboard */,
				59832A751E6FF46600F0F519 /* Info.plist */,
			);
			path = ninjaGold;
			sourceTree = "<group>";
		};
		59832A7D1E6FF46600F0F519 /* ninjaGoldTests */ = {
			isa = PBXGroup;
			children = (
				59832A7E1E6FF46600F0F519 /* ninjaGoldTests.swift */,
				59832A801E6FF46600F0F519 /* Info.plist */,
			);
			path = ninjaGoldTests;
			sourceTree = "<group>";
		};
		59832A881E6FF46600F0F519 /* ninjaGoldUITests */ = {
			isa = PBXGroup;
			children = (
				59832A891E6FF46600F0F519 /* ninjaGoldUITests.swift */,
				59832A8B1E6FF46600F0F519 /* Info.plist */,
			);
			path = ninjaGoldUITests;
			sourceTree = "<group>";
		};
/* End PBXGroup section */

/* Begin PBXNativeTarget section */
		59832A651E6FF46600F0F519 /* ninjaGold */ = {
			isa = PBXNativeTarget;
			buildConfigurationList = 59832A8E1E6FF46600F0F519 /* Build configuration list for PBXNativeTarget "ninjaGold" */;
			buildPhases = (
				59832A621E6FF46600F0F519 /* Sources */,
				59832A631E6FF46600F0F519 /* Frameworks */,
				59832A641E6FF46600F0F519 /* Resources */,
			);
			buildRules = (
			);
			dependencies = (
			);
			name = ninjaGold;
			productName = ninjaGold;
			productReference = 59832A661E6FF46600F0F519 /* ninjaGold.app */;
			productType = "com.apple.product-type.application";
		};
		59832A791E6FF46600F0F519 /* ninjaGoldTests */ = {
			isa = PBXNativeTarget;
			buildConfigurationList = 59832A911E6FF46600F0F519 /* Build configuration list for PBXNativeTarget "ninjaGoldTests" */;
			buildPhases = (
				59832A761E6FF46600F0F519 /* Sources */,
				59832A771E6FF46600F0F519 /* Frameworks */,
				59832A781E6FF46600F0F519 /* Resources */,
			);
			buildRules = (
			);
			dependencies = (
				59832A7C1E6FF46600F0F519 /* PBXTargetDependency */,
			);
			name = ninjaGoldTests;
			productName = ninjaGoldTests;
			productReference = 59832A7A1E6FF46600F0F519 /* ninjaGoldTests.xctest */;
			productType = "com.apple.product-type.bundle.unit-test";
		};
		59832A841E6FF46600F0F519 /* ninjaGoldUITests */ = {
			isa = PBXNativeTarget;
			buildConfigurationList = 59832A941E6FF46600F0F519 /* Build configuration list for PBXNativeTarget "ninjaGoldUITests" */;
			buildPhases = (
				59832A811E6FF46600F0F519 /* Sources */,
				59832A821E6FF46600F0F519 /* Frameworks */,
				59832A831E6FF46600F0F519 /* Resources */,
			);
			buildRules = (
			);
			dependencies = (
				59832A871E6FF46600F0F519 /* PBXTargetDependency */,
			);
			name = ninjaGoldUITests;
			productName = ninjaGoldUITests;
			productReference = 59832A851E6FF46600F0F519 /* ninjaGoldUITests.xctest */;
			productType = "com.apple.product-type.bundle.ui-testing";
		};
/* End PBXNativeTarget section */

/* Begin PBXProject section */
		59832A5E1E6FF46600F0F519 /* Project object */ = {
			isa = PBXProject;
			attributes = {
				LastSwiftUpdateCheck = 0820;
				LastUpgradeCheck = 0820;
				ORGANIZATIONNAME = "dalia icedo";
				TargetAttributes = {
					59832A651E6FF46600F0F519 = {
						CreatedOnToolsVersion = 8.2.1;
						ProvisioningStyle = Automatic;
					};
					59832A791E6FF46600F0F519 = {
						CreatedOnToolsVersion = 8.2.1;
						ProvisioningStyle = Automatic;
						TestTargetID = 59832A651E6FF46600F0F519;
					};
					59832A841E6FF46600F0F519 = {
						CreatedOnToolsVersion = 8.2.1;
						ProvisioningStyle = Automatic;
						TestTargetID = 59832A651E6FF46600F0F519;
					};
				};
			};
			buildConfigurationList = 59832A611E6FF46600F0F519 /* Build configuration list for PBXProject "ninjaGold" */;
			compatibilityVersion = "Xcode 3.2";
			developmentRegion = English;
			hasScannedForEncodings = 0;
			knownRegions = (
				en,
				Base,
			);
			mainGroup = 59832A5D1E6FF46600F0F519;
			productRefGroup = 59832A671E6FF46600F0F519 /* Products */;
			projectDirPath = "";
			projectRoot = "";
			targets = (
				59832A651E6FF46600F0F519 /* ninjaGold */,
				59832A791E6FF46600F0F519 /* ninjaGoldTests */,
				59832A841E6FF46600F0F519 /* ninjaGoldUITests */,
			);
		};
/* End PBXProject section */

/* Begin PBXResourcesBuildPhase section */
		59832A641E6FF46600F0F519 /* Resources */ = {
			isa = PBXResourcesBuildPhase;
			buildActionMask = 2147483647;
			files = (
				59832A741E6FF46600F0F519 /* LaunchScreen.storyboard in Resources */,
				59832A711E6FF46600F0F519 /* Assets.xcassets in Resources */,
				59832A6F1E6FF46600F0F519 /* Main.storyboard in Resources */,
			);
			runOnlyForDeploymentPostprocessing = 0;
		};
		59832A781E6FF46600F0F519 /* Resources */ = {
			isa = PBXResourcesBuildPhase;
			buildActionMask = 2147483647;
			files = (
			);
			runOnlyForDeploymentPostprocessing = 0;
		};
		59832A831E6FF46600F0F519 /* Resources */ = {
			isa = PBXResourcesBuildPhase;
			buildActionMask = 2147483647;
			files = (
			);
			runOnlyForDeploymentPostprocessing = 0;
		};
/* End PBXResourcesBuildPhase section */

/* Begin PBXSourcesBuildPhase section */
		59832A621E6FF46600F0F519 /* Sources */ = {
			isa = PBXSourcesBuildPhase;
			buildActionMask = 2147483647;
			files = (
				59832A6C1E6FF46600F0F519 /* ViewController.swift in Sources */,
				59832A6A1E6FF46600F0F519 /* AppDelegate.swift in Sources */,
			);
			runOnlyForDeploymentPostprocessing = 0;
		};
		59832A761E6FF46600F0F519 /* Sources */ = {
			isa = PBXSourcesBuildPhase;
			buildActionMask = 2147483647;
			files = (
				59832A7F1E6FF46600F0F519 /* ninjaGoldTests.swift in Sources */,
			);
			runOnlyForDeploymentPostprocessing = 0;
		};
		59832A811E6FF46600F0F519 /* Sources */ = {
			isa = PBXSourcesBuildPhase;
			buildActionMask = 2147483647;
			files = (
				59832A8A1E6FF46600F0F519 /* ninjaGoldUITests.swift in Sources */,
			);
			runOnlyForDeploymentPostprocessing = 0;
		};
/* End PBXSourcesBuildPhase section */

/* Begin PBXTargetDependency section */
		59832A7C1E6FF46600F0F519 /* PBXTargetDependency */ = {
			isa = PBXTargetDependency;
			target = 59832A651E6FF46600F0F519 /* ninjaGold */;
			targetProxy = 59832A7B1E6FF46600F0F519 /* PBXContainerItemProxy */;
		};
		59832A871E6FF46600F0F519 /* PBXTargetDependency */ = {
			isa = PBXTargetDependency;
			target = 59832A651E6FF46600F0F519 /* ninjaGold */;
			targetProxy = 59832A861E6FF46600F0F519 /* PBXContainerItemProxy */;
		};
/* End PBXTargetDependency section */

/* Begin PBXVariantGroup section */
		59832A6D1E6FF46600F0F519 /* Main.storyboard */ = {
			isa = PBXVariantGroup;
			children = (
				59832A6E1E6FF46600F0F519 /* Base */,
			);
			name = Main.storyboard;
			sourceTree = "<group>";
		};
		59832A721E6FF46600F0F519 /* LaunchScreen.storyboard */ = {
			isa = PBXVariantGroup;
			children = (
				59832A731E6FF46600F0F519 /* Base */,
			);
			name = LaunchScreen.storyboard;
			sourceTree = "<group>";
		};
/* End PBXVariantGroup section */

/* Begin XCBuildConfiguration section */
		59832A8C1E6FF46600F0F519 /* Debug */ = {
			isa = XCBuildConfiguration;
			buildSettings = {
				ALWAYS_SEARCH_USER_PATHS = NO;
				CLANG_ANALYZER_NONNULL = YES;
				CLANG_CXX_LANGUAGE_STANDARD = "gnu++0x";
				CLANG_CXX_LIBRARY = "libc++";
				CLANG_ENABLE_MODULES = YES;
				CLANG_ENABLE_OBJC_ARC = YES;
				CLANG_WARN_BOOL_CONVERSION = YES;
				CLANG_WARN_CONSTANT_CONVERSION = YES;
				CLANG_WARN_DIRECT_OBJC_ISA_USAGE = YES_ERROR;
				CLANG_WARN_DOCUMENTATION_COMMENTS = YES;
				CLANG_WARN_EMPTY_BODY = YES;
				CLANG_WARN_ENUM_CONVERSION = YES;
				CLANG_WARN_INFINITE_RECURSION = YES;
				CLANG_WARN_INT_CONVERSION = YES;
				CLANG_WARN_OBJC_ROOT_CLASS = YES_ERROR;
				CLANG_WARN_SUSPICIOUS_MOVE = YES;
				CLANG_WARN_UNREACHABLE_CODE = YES;
				CLANG_WARN__DUPLICATE_METHOD_MATCH = YES;
				"CODE_SIGN_IDENTITY[sdk=iphoneos*]" = "iPhone Developer";
				COPY_PHASE_STRIP = NO;
				DEBUG_INFORMATION_FORMAT = dwarf;
				ENABLE_STRICT_OBJC_MSGSEND = YES;
				ENABLE_TESTABILITY = YES;
				GCC_C_LANGUAGE_STANDARD = gnu99;
				GCC_DYNAMIC_NO_PIC = NO;
				GCC_NO_COMMON_BLOCKS = YES;
				GCC_OPTIMIZATION_LEVEL = 0;
				GCC_PREPROCESSOR_DEFINITIONS = (
					"DEBUG=1",
					"$(inherited)",
				);
				GCC_WARN_64_TO_32_BIT_CONVERSION = YES;
				GCC_WARN_ABOUT_RETURN_TYPE = YES_ERROR;
				GCC_WARN_UNDECLARED_SELECTOR = YES;
				GCC_WARN_UNINITIALIZED_AUTOS = YES_AGGRESSIVE;
				GCC_WARN_UNUSED_FUNCTION = YES;
				GCC_WARN_UNUSED_VARIABLE = YES;
				IPHONEOS_DEPLOYMENT_TARGET = 10.2;
				MTL_ENABLE_DEBUG_INFO = YES;
				ONLY_ACTIVE_ARCH = YES;
				SDKROOT = iphoneos;
				SWIFT_ACTIVE_COMPILATION_CONDITIONS = DEBUG;
				SWIFT_OPTIMIZATION_LEVEL = "-Onone";
				TARGETED_DEVICE_FAMILY = "1,2";
			};
			name = Debug;
		};
		59832A8D1E6FF46600F0F519 /* Release */ = {
			isa = XCBuildConfiguration;
			buildSettings = {
				ALWAYS_SEARCH_USER_PATHS = NO;
				CLANG_ANALYZER_NONNULL = YES;
				CLANG_CXX_LANGUAGE_STANDARD = "gnu++0x";
				CLANG_CXX_LIBRARY = "libc++";
				CLANG_ENABLE_MODULES = YES;
				CLANG_ENABLE_OBJC_ARC = YES;
				CLANG_WARN_BOOL_CONVERSION = YES;
				CLANG_WARN_CONSTANT_CONVERSION = YES;
				CLANG_WARN_DIRECT_OBJC_ISA_USAGE = YES_ERROR;
				CLANG_WARN_DOCUMENTATION_COMMENTS = YES;
				CLANG_WARN_EMPTY_BODY = YES;
				CLANG_WARN_ENUM_CONVERSION = YES;
				CLANG_WARN_INFINITE_RECURSION = YES;
				CLANG_WARN_INT_CONVERSION = YES;
				CLANG_WARN_OBJC_ROOT_CLASS = YES_ERROR;
				CLANG_WARN_SUSPICIOUS_MOVE = YES;
				CLANG_WARN_UNREACHABLE_CODE = YES;
				CLANG_WARN__DUPLICATE_METHOD_MATCH = YES;
				"CODE_SIGN_IDENTITY[sdk=iphoneos*]" = "iPhone Developer";
				COPY_PHASE_STRIP = NO;
				DEBUG_INFORMATION_FORMAT = "dwarf-with-dsym";
				ENABLE_NS_ASSERTIONS = NO;
				ENABLE_STRICT_OBJC_MSGSEND = YES;
				GCC_C_LANGUAGE_STANDARD = gnu99;
				GCC_NO_COMMON_BLOCKS = YES;
				GCC_WARN_64_TO_32_BIT_CONVERSION = YES;
				GCC_WARN_ABOUT_RETURN_TYPE = YES_ERROR;
				GCC_WARN_UNDECLARED_SELECTOR = YES;
				GCC_WARN_UNINITIALIZED_AUTOS = YES_AGGRESSIVE;
				GCC_WARN_UNUSED_FUNCTION = YES;
				GCC_WARN_UNUSED_VARIABLE = YES;
				IPHONEOS_DEPLOYMENT_TARGET = 10.2;
				MTL_ENABLE_DEBUG_INFO = NO;
				SDKROOT = iphoneos;
				SWIFT_OPTIMIZATION_LEVEL = "-Owholemodule";
				TARGETED_DEVICE_FAMILY = "1,2";
				VALIDATE_PRODUCT = YES;
			};
			name = Release;
		};
		59832A8F1E6FF46600F0F519 /* Debug */ = {
			isa = XCBuildConfiguration;
			buildSettings = {
				ASSETCATALOG_COMPILER_APPICON_NAME = AppIcon;
				INFOPLIST_FILE = ninjaGold/Info.plist;
				LD_RUNPATH_SEARCH_PATHS = "$(inherited) @executable_path/Frameworks";
				PRODUCT_BUNDLE_IDENTIFIER = diaxdo.ninjaGold;
				PRODUCT_NAME = "$(TARGET_NAME)";
				SWIFT_VERSION = 3.0;
			};
			name = Debug;
		};
		59832A901E6FF46600F0F519 /* Release */ = {
			isa = XCBuildConfiguration;
			buildSettings = {
				ASSETCATALOG_COMPILER_APPICON_NAME = AppIcon;
				INFOPLIST_FILE = ninjaGold/Info.plist;
				LD_RUNPATH_SEARCH_PATHS = "$(inherited) @executable_path/Frameworks";
				PRODUCT_BUNDLE_IDENTIFIER = diaxdo.ninjaGold;
				PRODUCT_NAME = "$(TARGET_NAME)";
				SWIFT_VERSION = 3.0;
			};
			name = Release;
		};
		59832A921E6FF46600F0F519 /* Debug */ = {
			isa = XCBuildConfiguration;
			buildSettings = {
				ALWAYS_EMBED_SWIFT_STANDARD_LIBRARIES = YES;
				BUNDLE_LOADER = "$(TEST_HOST)";
				INFOPLIST_FILE = ninjaGoldTests/Info.plist;
				LD_RUNPATH_SEARCH_PATHS = "$(inherited) @executable_path/Frameworks @loader_path/Frameworks";
				PRODUCT_BUNDLE_IDENTIFIER = diaxdo.ninjaGoldTests;
				PRODUCT_NAME = "$(TARGET_NAME)";
				SWIFT_VERSION = 3.0;
				TEST_HOST = "$(BUILT_PRODUCTS_DIR)/ninjaGold.app/ninjaGold";
			};
			name = Debug;
		};
		59832A931E6FF46600F0F519 /* Release */ = {
			isa = XCBuildConfiguration;
			buildSettings = {
				ALWAYS_EMBED_SWIFT_STANDARD_LIBRARIES = YES;
				BUNDLE_LOADER = "$(TEST_HOST)";
				INFOPLIST_FILE = ninjaGoldTests/Info.plist;
				LD_RUNPATH_SEARCH_PATHS = "$(inherited) @executable_path/Frameworks @loader_path/Frameworks";
				PRODUCT_BUNDLE_IDENTIFIER = diaxdo.ninjaGoldTests;
				PRODUCT_NAME = "$(TARGET_NAME)";
				SWIFT_VERSION = 3.0;
				TEST_HOST = "$(BUILT_PRODUCTS_DIR)/ninjaGold.app/ninjaGold";
			};
			name = Release;
		};
		59832A951E6FF46600F0F519 /* Debug */ = {
			isa = XCBuildConfiguration;
			buildSettings = {
				ALWAYS_EMBED_SWIFT_STANDARD_LIBRARIES = YES;
				INFOPLIST_FILE = ninjaGoldUITests/Info.plist;
				LD_RUNPATH_SEARCH_PATHS = "$(inherited) @executable_path/Frameworks @loader_path/Frameworks";
				PRODUCT_BUNDLE_IDENTIFIER = diaxdo.ninjaGoldUITests;
				PRODUCT_NAME = "$(TARGET_NAME)";
				SWIFT_VERSION = 3.0;
				TEST_TARGET_NAME = ninjaGold;
			};
			name = Debug;
		};
		59832A961E6FF46600F0F519 /* Release */ = {
			isa = XCBuildConfiguration;
			buildSettings = {
				ALWAYS_EMBED_SWIFT_STANDARD_LIBRARIES = YES;
				INFOPLIST_FILE = ninjaGoldUITests/Info.plist;
				LD_RUNPATH_SEARCH_PATHS = "$(inherited) @executable_path/Frameworks @loader_path/Frameworks";
				PRODUCT_BUNDLE_IDENTIFIER = diaxdo.ninjaGoldUITests;
				PRODUCT_NAME = "$(TARGET_NAME)";
				SWIFT_VERSION = 3.0;
				TEST_TARGET_NAME = ninjaGold;
			};
			name = Release;
		};
/* End XCBuildConfiguration section */

/* Begin XCConfigurationList section */
		59832A611E6FF46600F0F519 /* Build configuration list for PBXProject "ninjaGold" */ = {
			isa = XCConfigurationList;
			buildConfigurations = (
				59832A8C1E6FF46600F0F519 /* Debug */,
				59832A8D1E6FF46600F0F519 /* Release */,
			);
			defaultConfigurationIsVisible = 0;
			defaultConfigurationName = Release;
		};
		59832A8E1E6FF46600F0F519 /* Build configuration list for PBXNativeTarget "ninjaGold" */ = {
			isa = XCConfigurationList;
			buildConfigurations = (
				59832A8F1E6FF46600F0F519 /* Debug */,
				59832A901E6FF46600F0F519 /* Release */,
			);
			defaultConfigurationIsVisible = 0;
		};
		59832A911E6FF46600F0F519 /* Build configuration list for PBXNativeTarget "ninjaGoldTests" */ = {
			isa = XCConfigurationList;
			buildConfigurations = (
				59832A921E6FF46600F0F519 /* Debug */,
				59832A931E6FF46600F0F519 /* Release */,
			);
			defaultConfigurationIsVisible = 0;
		};
		59832A941E6FF46600F0F519 /* Build configuration list for PBXNativeTarget "ninjaGoldUITests" */ = {
			isa = XCConfigurationList;
			buildConfigurations = (
				59832A951E6FF46600F0F519 /* Debug */,
				59832A961E6FF46600F0F519 /* Release */,
			);
			defaultConfigurationIsVisible = 0;
		};
/* End XCConfigurationList section */
	};
	rootObject = 59832A5E1E6FF46600F0F519 /* Project object */;
}
